{
  "version": "4",
  "specifiers": {
    "jsr:@std/assert@*": "1.0.10",
    "jsr:@std/internal@^1.0.5": "1.0.5"
  },
  "jsr": {
    "@std/assert@1.0.10": {
      "integrity": "59b5cbac5bd55459a19045d95cc7c2ff787b4f8527c0dd195078ff6f9481fbb3",
      "dependencies": [
        "jsr:@std/internal"
      ]
    },
    "@std/internal@1.0.5": {
      "integrity": "54a546004f769c1ac9e025abd15a76b6671ddc9687e2313b67376125650dc7ba"
    }
  },
  "workspace": {
    "packageJson": {
      "dependencies": [
        "npm:@babel/core@^7.28.5",
        "npm:@babel/plugin-proposal-class-properties@^7.17.12",
        "npm:@babel/plugin-proposal-object-rest-spread@^7.20.7",
        "npm:@babel/preset-env@^7.28.5",
        "npm:@enonic-types/global@^7.16.1",
        "npm:@enonic-types/lib-content@^7.16.1",
        "npm:@enonic-types/lib-context@^7.16.1",
        "npm:@enonic-types/lib-io@^7.16.1",
        "npm:@enonic-types/lib-portal@^7.16.1",
        "npm:@enonic/js-utils@^1.9.0",
        "npm:@enonic/mock-xp@1",
        "npm:@enonic/react-components@^6.1.0-A1",
        "npm:@enonic/react4xp@6.1.0-beta.2",
        "npm:@jest/globals@^30.2.0",
        "npm:@rollup/plugin-alias@6",
        "npm:@rollup/plugin-commonjs@29",
        "npm:@sinonjs/text-encoding@~0.7.3",
        "npm:@swc/core@^1.15.4",
        "npm:@types/react@^19.2.7",
        "npm:@typescript-eslint/eslint-plugin@^8.49.0",
        "npm:@typescript-eslint/parser@^8.49.0",
        "npm:bun@^1.3.4",
        "npm:concurrently@^9.2.1",
        "npm:eslint-formatter-pretty@7",
        "npm:eslint@^9.39.1",
        "npm:jest-environment-jsdom@30",
        "npm:jest@30",
        "npm:make-dir-cli@4",
        "npm:properties-reader@^2.3.0",
        "npm:rimraf@^6.1.2",
        "npm:rollup-plugin-esbuild@^6.2.1",
        "npm:rollup@^4.53.3",
        "npm:ts-jest@^29.4.6",
        "npm:tsup@^8.5.1",
        "npm:typescript@^5.9.3"
      ]
    }
  }
}
